
Microsoft Visual Studio Solution File, Format Version 12.00
Project("{2150E333-8FDC-42A3-9474-1A3956D46DE8}") = "src", "src", "{45E10EA2-DB2A-4308-9E78-500B03A93DA0}"
EndProject
Project("{2150E333-8FDC-42A3-9474-1A3956D46DE8}") = "tests", "tests", "{BEA39587-D024-4ADE-B790-2F4810303100}"
EndProject
Project("{FAE04EC0-301F-11D3-BF4B-00C04F79EFBC}") = "TeamProjectA.Api", "src\TeamProjectA.Api\TeamProjectA.Api.csproj", "{005932DB-DC39-4180-BC1E-A9CE307DA585}"
EndProject
Project("{FAE04EC0-301F-11D3-BF4B-00C04F79EFBC}") = "TeamProjectA.Application", "src\TeamProjectA.Application\TeamProjectA.Application.csproj", "{B374330A-24D1-472C-83EC-27643CD7A3A5}"
EndProject
Project("{FAE04EC0-301F-11D3-BF4B-00C04F79EFBC}") = "TeamProjectA.Infrastructure", "src\TeamProjectA.Infrastructure\TeamProjectA.Infrastructure.csproj", "{C7B9A842-6CBC-4AE1-B1D5-D94243C75C3A}"
EndProject
Project("{FAE04EC0-301F-11D3-BF4B-00C04F79EFBC}") = "TeamProjectA.Web", "src\TeamProjectA.Web\TeamProjectA.Web.esproj", "{1F044B9E-F3CB-4685-A507-4E02393F8FED}"
EndProject
Project("{FAE04EC0-301F-11D3-BF4B-00C04F79EFBC}") = "TeamProjectA.Domain", "src\TeamProjectA.Domain\TeamProjectA.Domain.csproj", "{0F0D5811-8E92-4A5A-966C-0927C0651F85}"
EndProject
Project("{FAE04EC0-301F-11D3-BF4B-00C04F79EFBC}") = "TeamProjectA.Tests", "tests\TeamProjectA.Tests\TeamProjectA.Tests.csproj", "{17BF48D6-CF89-43CC-927E-999BED43BE47}"
EndProject
Global
	GlobalSection(SolutionConfigurationPlatforms) = preSolution
		Debug|Any CPU = Debug|Any CPU
		Release|Any CPU = Release|Any CPU
	EndGlobalSection
	GlobalSection(ProjectConfigurationPlatforms) = postSolution
		{005932DB-DC39-4180-BC1E-A9CE307DA585}.Debug|Any CPU.ActiveCfg = Debug|Any CPU
		{005932DB-DC39-4180-BC1E-A9CE307DA585}.Debug|Any CPU.Build.0 = Debug|Any CPU
		{005932DB-DC39-4180-BC1E-A9CE307DA585}.Release|Any CPU.ActiveCfg = Release|Any CPU
		{005932DB-DC39-4180-BC1E-A9CE307DA585}.Release|Any CPU.Build.0 = Release|Any CPU
		{B374330A-24D1-472C-83EC-27643CD7A3A5}.Debug|Any CPU.ActiveCfg = Debug|Any CPU
		{B374330A-24D1-472C-83EC-27643CD7A3A5}.Debug|Any CPU.Build.0 = Debug|Any CPU
		{B374330A-24D1-472C-83EC-27643CD7A3A5}.Release|Any CPU.ActiveCfg = Release|Any CPU
		{B374330A-24D1-472C-83EC-27643CD7A3A5}.Release|Any CPU.Build.0 = Release|Any CPU
		{C7B9A842-6CBC-4AE1-B1D5-D94243C75C3A}.Debug|Any CPU.ActiveCfg = Debug|Any CPU
		{C7B9A842-6CBC-4AE1-B1D5-D94243C75C3A}.Debug|Any CPU.Build.0 = Debug|Any CPU
		{C7B9A842-6CBC-4AE1-B1D5-D94243C75C3A}.Release|Any CPU.ActiveCfg = Release|Any CPU
		{C7B9A842-6CBC-4AE1-B1D5-D94243C75C3A}.Release|Any CPU.Build.0 = Release|Any CPU
		{0F0D5811-8E92-4A5A-966C-0927C0651F85}.Debug|Any CPU.ActiveCfg = Debug|Any CPU
		{0F0D5811-8E92-4A5A-966C-0927C0651F85}.Debug|Any CPU.Build.0 = Debug|Any CPU
		{0F0D5811-8E92-4A5A-966C-0927C0651F85}.Release|Any CPU.ActiveCfg = Release|Any CPU
		{0F0D5811-8E92-4A5A-966C-0927C0651F85}.Release|Any CPU.Build.0 = Release|Any CPU
		{17BF48D6-CF89-43CC-927E-999BED43BE47}.Debug|Any CPU.ActiveCfg = Debug|Any CPU
		{17BF48D6-CF89-43CC-927E-999BED43BE47}.Debug|Any CPU.Build.0 = Debug|Any CPU
		{17BF48D6-CF89-43CC-927E-999BED43BE47}.Release|Any CPU.ActiveCfg = Release|Any CPU
		{17BF48D6-CF89-43CC-927E-999BED43BE47}.Release|Any CPU.Build.0 = Release|Any CPU
	EndGlobalSection
	GlobalSection(NestedProjects) = preSolution
		{005932DB-DC39-4180-BC1E-A9CE307DA585} = {45E10EA2-DB2A-4308-9E78-500B03A93DA0}
		{B374330A-24D1-472C-83EC-27643CD7A3A5} = {45E10EA2-DB2A-4308-9E78-500B03A93DA0}
		{C7B9A842-6CBC-4AE1-B1D5-D94243C75C3A} = {45E10EA2-DB2A-4308-9E78-500B03A93DA0}
		{1F044B9E-F3CB-4685-A507-4E02393F8FED} = {45E10EA2-DB2A-4308-9E78-500B03A93DA0}
		{0F0D5811-8E92-4A5A-966C-0927C0651F85} = {45E10EA2-DB2A-4308-9E78-500B03A93DA0}
		{17BF48D6-CF89-43CC-927E-999BED43BE47} = {BEA39587-D024-4ADE-B790-2F4810303100}
	EndGlobalSection
EndGlobal
